// !$*UTF8*$!
{
	archiveVersion = 1;
	classes = {
	};
	objectVersion = 50;
	objects = {

/* Begin PBXBuildFile section */
		2076297E9A5B695834F22F81 /* Pods_sight.framework in Frameworks */ = {isa = PBXBuildFile; fileRef = 88555665A20274AC6EF4BE40 /* Pods_sight.framework */; };
		6E5121FCAF8981D001563AB1 /* Pods_sightTests.framework in Frameworks */ = {isa = PBXBuildFile; fileRef = FC91872A426544B17A30C0CD /* Pods_sightTests.framework */; };
		852AB51E3F7F70C376607AED /* Pods_sightUITests.framework in Frameworks */ = {isa = PBXBuildFile; fileRef = 26754D889C369ED9941B7E90 /* Pods_sightUITests.framework */; };
		E3C39ED320A7FEF600A346F7 /* ListConfigurator.swift in Sources */ = {isa = PBXBuildFile; fileRef = E3C39ED220A7FEF600A346F7 /* ListConfigurator.swift */; };
		E3C39ED520A7FF0600A346F7 /* ListModel.swift in Sources */ = {isa = PBXBuildFile; fileRef = E3C39ED420A7FF0600A346F7 /* ListModel.swift */; };
		E3C39ED720A7FF2100A346F7 /* ListTranslator.swift in Sources */ = {isa = PBXBuildFile; fileRef = E3C39ED620A7FF2100A346F7 /* ListTranslator.swift */; };
		E3C39ED920A7FF2F00A346F7 /* ListUseCase.swift in Sources */ = {isa = PBXBuildFile; fileRef = E3C39ED820A7FF2F00A346F7 /* ListUseCase.swift */; };
		E3C39EDC20A7FF5000A346F7 /* ListTableViewCell.swift in Sources */ = {isa = PBXBuildFile; fileRef = E3C39EDB20A7FF5000A346F7 /* ListTableViewCell.swift */; };
		E3C39EDE20A7FF6200A346F7 /* ListPresenter.swift in Sources */ = {isa = PBXBuildFile; fileRef = E3C39EDD20A7FF6200A346F7 /* ListPresenter.swift */; };
		E3C39EE020A7FF6F00A346F7 /* ListRouter.swift in Sources */ = {isa = PBXBuildFile; fileRef = E3C39EDF20A7FF6F00A346F7 /* ListRouter.swift */; };
		E3C39EE320A7FFA400A346F7 /* Dependencies.swift in Sources */ = {isa = PBXBuildFile; fileRef = E3C39EE220A7FFA400A346F7 /* Dependencies.swift */; };
		E3C39EE520A7FFD500A346F7 /* Constants.swift in Sources */ = {isa = PBXBuildFile; fileRef = E3C39EE420A7FFD500A346F7 /* Constants.swift */; };
		E3C39EE820A8000E00A346F7 /* FeedItemDataStore.swift in Sources */ = {isa = PBXBuildFile; fileRef = E3C39EE720A8000E00A346F7 /* FeedItemDataStore.swift */; };
		E3C39EEA20A8001800A346F7 /* FeedItemEntity.swift in Sources */ = {isa = PBXBuildFile; fileRef = E3C39EE920A8001800A346F7 /* FeedItemEntity.swift */; };
		E3C39EEC20A8002200A346F7 /* FeedItemRepository.swift in Sources */ = {isa = PBXBuildFile; fileRef = E3C39EEB20A8002200A346F7 /* FeedItemRepository.swift */; };
		E3C39EEE20A8002B00A346F7 /* FeedItemRequest.swift in Sources */ = {isa = PBXBuildFile; fileRef = E3C39EED20A8002B00A346F7 /* FeedItemRequest.swift */; };
		E3C39EF120A8003E00A346F7 /* ApiClient.swift in Sources */ = {isa = PBXBuildFile; fileRef = E3C39EF020A8003E00A346F7 /* ApiClient.swift */; };
		E3DD69C220A6E1A800706788 /* AppDelegate.swift in Sources */ = {isa = PBXBuildFile; fileRef = E3DD69C120A6E1A800706788 /* AppDelegate.swift */; };
		E3DD69C420A6E1A800706788 /* ListViewController.swift in Sources */ = {isa = PBXBuildFile; fileRef = E3DD69C320A6E1A800706788 /* ListViewController.swift */; };
		E3DD69C720A6E1A800706788 /* List.storyboard in Resources */ = {isa = PBXBuildFile; fileRef = E3DD69C520A6E1A800706788 /* List.storyboard */; };
		E3DD69C920A6E1AA00706788 /* Assets.xcassets in Resources */ = {isa = PBXBuildFile; fileRef = E3DD69C820A6E1AA00706788 /* Assets.xcassets */; };
		E3DD69CC20A6E1AA00706788 /* LaunchScreen.storyboard in Resources */ = {isa = PBXBuildFile; fileRef = E3DD69CA20A6E1AA00706788 /* LaunchScreen.storyboard */; };
		E3DD69D720A6E1AA00706788 /* sightTests.swift in Sources */ = {isa = PBXBuildFile; fileRef = E3DD69D620A6E1AA00706788 /* sightTests.swift */; };
		E3DD69E220A6E1AA00706788 /* sightUITests.swift in Sources */ = {isa = PBXBuildFile; fileRef = E3DD69E120A6E1AA00706788 /* sightUITests.swift */; };
/* End PBXBuildFile section */

/* Begin PBXContainerItemProxy section */
		E3DD69D320A6E1AA00706788 /* PBXContainerItemProxy */ = {
			isa = PBXContainerItemProxy;
			containerPortal = E3DD69B620A6E1A800706788 /* Project object */;
			proxyType = 1;
			remoteGlobalIDString = E3DD69BD20A6E1A800706788;
			remoteInfo = sight;
		};
		E3DD69DE20A6E1AA00706788 /* PBXContainerItemProxy */ = {
			isa = PBXContainerItemProxy;
			containerPortal = E3DD69B620A6E1A800706788 /* Project object */;
			proxyType = 1;
			remoteGlobalIDString = E3DD69BD20A6E1A800706788;
			remoteInfo = sight;
		};
/* End PBXContainerItemProxy section */

/* Begin PBXFileReference section */
		26754D889C369ED9941B7E90 /* Pods_sightUITests.framework */ = {isa = PBXFileReference; explicitFileType = wrapper.framework; includeInIndex = 0; path = Pods_sightUITests.framework; sourceTree = BUILT_PRODUCTS_DIR; };
		2F8441893D63285B419A9397 /* Pods-sightUITests.release.xcconfig */ = {isa = PBXFileReference; includeInIndex = 1; lastKnownFileType = text.xcconfig; name = "Pods-sightUITests.release.xcconfig"; path = "Pods/Target Support Files/Pods-sightUITests/Pods-sightUITests.release.xcconfig"; sourceTree = "<group>"; };
		50FE5FAEE20D928CFD475B1A /* Pods-sightTests.debug.xcconfig */ = {isa = PBXFileReference; includeInIndex = 1; lastKnownFileType = text.xcconfig; name = "Pods-sightTests.debug.xcconfig"; path = "Pods/Target Support Files/Pods-sightTests/Pods-sightTests.debug.xcconfig"; sourceTree = "<group>"; };
		88555665A20274AC6EF4BE40 /* Pods_sight.framework */ = {isa = PBXFileReference; explicitFileType = wrapper.framework; includeInIndex = 0; path = Pods_sight.framework; sourceTree = BUILT_PRODUCTS_DIR; };
		9543CB27AE440D4E5C077880 /* Pods-sight.debug.xcconfig */ = {isa = PBXFileReference; includeInIndex = 1; lastKnownFileType = text.xcconfig; name = "Pods-sight.debug.xcconfig"; path = "Pods/Target Support Files/Pods-sight/Pods-sight.debug.xcconfig"; sourceTree = "<group>"; };
		D36A4E2EAA1FE7A2D2B94D35 /* Pods-sightTests.release.xcconfig */ = {isa = PBXFileReference; includeInIndex = 1; lastKnownFileType = text.xcconfig; name = "Pods-sightTests.release.xcconfig"; path = "Pods/Target Support Files/Pods-sightTests/Pods-sightTests.release.xcconfig"; sourceTree = "<group>"; };
		E3C39ED220A7FEF600A346F7 /* ListConfigurator.swift */ = {isa = PBXFileReference; lastKnownFileType = sourcecode.swift; path = ListConfigurator.swift; sourceTree = "<group>"; };
		E3C39ED420A7FF0600A346F7 /* ListModel.swift */ = {isa = PBXFileReference; lastKnownFileType = sourcecode.swift; path = ListModel.swift; sourceTree = "<group>"; };
		E3C39ED620A7FF2100A346F7 /* ListTranslator.swift */ = {isa = PBXFileReference; lastKnownFileType = sourcecode.swift; path = ListTranslator.swift; sourceTree = "<group>"; };
		E3C39ED820A7FF2F00A346F7 /* ListUseCase.swift */ = {isa = PBXFileReference; lastKnownFileType = sourcecode.swift; path = ListUseCase.swift; sourceTree = "<group>"; };
		E3C39EDB20A7FF5000A346F7 /* ListTableViewCell.swift */ = {isa = PBXFileReference; lastKnownFileType = sourcecode.swift; path = ListTableViewCell.swift; sourceTree = "<group>"; };
		E3C39EDD20A7FF6200A346F7 /* ListPresenter.swift */ = {isa = PBXFileReference; lastKnownFileType = sourcecode.swift; path = ListPresenter.swift; sourceTree = "<group>"; };
		E3C39EDF20A7FF6F00A346F7 /* ListRouter.swift */ = {isa = PBXFileReference; lastKnownFileType = sourcecode.swift; path = ListRouter.swift; sourceTree = "<group>"; };
		E3C39EE220A7FFA400A346F7 /* Dependencies.swift */ = {isa = PBXFileReference; lastKnownFileType = sourcecode.swift; path = Dependencies.swift; sourceTree = "<group>"; };
		E3C39EE420A7FFD500A346F7 /* Constants.swift */ = {isa = PBXFileReference; lastKnownFileType = sourcecode.swift; path = Constants.swift; sourceTree = "<group>"; };
		E3C39EE720A8000E00A346F7 /* FeedItemDataStore.swift */ = {isa = PBXFileReference; lastKnownFileType = sourcecode.swift; path = FeedItemDataStore.swift; sourceTree = "<group>"; };
		E3C39EE920A8001800A346F7 /* FeedItemEntity.swift */ = {isa = PBXFileReference; lastKnownFileType = sourcecode.swift; path = FeedItemEntity.swift; sourceTree = "<group>"; };
		E3C39EEB20A8002200A346F7 /* FeedItemRepository.swift */ = {isa = PBXFileReference; lastKnownFileType = sourcecode.swift; path = FeedItemRepository.swift; sourceTree = "<group>"; };
		E3C39EED20A8002B00A346F7 /* FeedItemRequest.swift */ = {isa = PBXFileReference; lastKnownFileType = sourcecode.swift; path = FeedItemRequest.swift; sourceTree = "<group>"; };
		E3C39EF020A8003E00A346F7 /* ApiClient.swift */ = {isa = PBXFileReference; lastKnownFileType = sourcecode.swift; path = ApiClient.swift; sourceTree = "<group>"; };
		E3DD69BE20A6E1A800706788 /* sight.app */ = {isa = PBXFileReference; explicitFileType = wrapper.application; includeInIndex = 0; path = sight.app; sourceTree = BUILT_PRODUCTS_DIR; };
		E3DD69C120A6E1A800706788 /* AppDelegate.swift */ = {isa = PBXFileReference; lastKnownFileType = sourcecode.swift; path = AppDelegate.swift; sourceTree = "<group>"; };
		E3DD69C320A6E1A800706788 /* ListViewController.swift */ = {isa = PBXFileReference; lastKnownFileType = sourcecode.swift; path = ListViewController.swift; sourceTree = "<group>"; };
		E3DD69C620A6E1A800706788 /* Base */ = {isa = PBXFileReference; lastKnownFileType = file.storyboard; name = Base; path = Base.lproj/List.storyboard; sourceTree = "<group>"; };
		E3DD69C820A6E1AA00706788 /* Assets.xcassets */ = {isa = PBXFileReference; lastKnownFileType = folder.assetcatalog; path = Assets.xcassets; sourceTree = "<group>"; };
		E3DD69CB20A6E1AA00706788 /* Base */ = {isa = PBXFileReference; lastKnownFileType = file.storyboard; name = Base; path = Base.lproj/LaunchScreen.storyboard; sourceTree = "<group>"; };
		E3DD69CD20A6E1AA00706788 /* Info.plist */ = {isa = PBXFileReference; lastKnownFileType = text.plist.xml; path = Info.plist; sourceTree = "<group>"; };
		E3DD69D220A6E1AA00706788 /* sightTests.xctest */ = {isa = PBXFileReference; explicitFileType = wrapper.cfbundle; includeInIndex = 0; path = sightTests.xctest; sourceTree = BUILT_PRODUCTS_DIR; };
		E3DD69D620A6E1AA00706788 /* sightTests.swift */ = {isa = PBXFileReference; lastKnownFileType = sourcecode.swift; path = sightTests.swift; sourceTree = "<group>"; };
		E3DD69D820A6E1AA00706788 /* Info.plist */ = {isa = PBXFileReference; lastKnownFileType = text.plist.xml; path = Info.plist; sourceTree = "<group>"; };
		E3DD69DD20A6E1AA00706788 /* sightUITests.xctest */ = {isa = PBXFileReference; explicitFileType = wrapper.cfbundle; includeInIndex = 0; path = sightUITests.xctest; sourceTree = BUILT_PRODUCTS_DIR; };
		E3DD69E120A6E1AA00706788 /* sightUITests.swift */ = {isa = PBXFileReference; lastKnownFileType = sourcecode.swift; path = sightUITests.swift; sourceTree = "<group>"; };
		E3DD69E320A6E1AA00706788 /* Info.plist */ = {isa = PBXFileReference; lastKnownFileType = text.plist.xml; path = Info.plist; sourceTree = "<group>"; };
		E9E4170F7EF2AC9F62B733F6 /* Pods-sight.release.xcconfig */ = {isa = PBXFileReference; includeInIndex = 1; lastKnownFileType = text.xcconfig; name = "Pods-sight.release.xcconfig"; path = "Pods/Target Support Files/Pods-sight/Pods-sight.release.xcconfig"; sourceTree = "<group>"; };
		FC91872A426544B17A30C0CD /* Pods_sightTests.framework */ = {isa = PBXFileReference; explicitFileType = wrapper.framework; includeInIndex = 0; path = Pods_sightTests.framework; sourceTree = BUILT_PRODUCTS_DIR; };
		FD258E4FD11805B394B8C81A /* Pods-sightUITests.debug.xcconfig */ = {isa = PBXFileReference; includeInIndex = 1; lastKnownFileType = text.xcconfig; name = "Pods-sightUITests.debug.xcconfig"; path = "Pods/Target Support Files/Pods-sightUITests/Pods-sightUITests.debug.xcconfig"; sourceTree = "<group>"; };
/* End PBXFileReference section */

/* Begin PBXFrameworksBuildPhase section */
		E3DD69BB20A6E1A800706788 /* Frameworks */ = {
			isa = PBXFrameworksBuildPhase;
			buildActionMask = 2147483647;
			files = (
				2076297E9A5B695834F22F81 /* Pods_sight.framework in Frameworks */,
			);
			runOnlyForDeploymentPostprocessing = 0;
		};
		E3DD69CF20A6E1AA00706788 /* Frameworks */ = {
			isa = PBXFrameworksBuildPhase;
			buildActionMask = 2147483647;
			files = (
				6E5121FCAF8981D001563AB1 /* Pods_sightTests.framework in Frameworks */,
			);
			runOnlyForDeploymentPostprocessing = 0;
		};
		E3DD69DA20A6E1AA00706788 /* Frameworks */ = {
			isa = PBXFrameworksBuildPhase;
			buildActionMask = 2147483647;
			files = (
				852AB51E3F7F70C376607AED /* Pods_sightUITests.framework in Frameworks */,
			);
			runOnlyForDeploymentPostprocessing = 0;
		};
/* End PBXFrameworksBuildPhase section */

/* Begin PBXGroup section */
		956B583EA7AD306B27F2A5E0 /* Pods */ = {
			isa = PBXGroup;
			children = (
				9543CB27AE440D4E5C077880 /* Pods-sight.debug.xcconfig */,
				E9E4170F7EF2AC9F62B733F6 /* Pods-sight.release.xcconfig */,
				50FE5FAEE20D928CFD475B1A /* Pods-sightTests.debug.xcconfig */,
				D36A4E2EAA1FE7A2D2B94D35 /* Pods-sightTests.release.xcconfig */,
				FD258E4FD11805B394B8C81A /* Pods-sightUITests.debug.xcconfig */,
				2F8441893D63285B419A9397 /* Pods-sightUITests.release.xcconfig */,
			);
			name = Pods;
			sourceTree = "<group>";
		};
		E3C39ECA20A7FCE500A346F7 /* App */ = {
			isa = PBXGroup;
			children = (
				E3C39ECE20A7FDA200A346F7 /* Storyboards */,
				E3C39ECD20A7FD8000A346F7 /* Scenes */,
				E3C39ECC20A7FD7300A346F7 /* Environment */,
				E3C39ECB20A7FD2700A346F7 /* Data */,
			);
			path = App;
			sourceTree = "<group>";
		};
		E3C39ECB20A7FD2700A346F7 /* Data */ = {
			isa = PBXGroup;
			children = (
				E3C39EEF20A8003100A346F7 /* Utility */,
				E3C39EE620A7FFF800A346F7 /* FeedItem */,
			);
			path = Data;
			sourceTree = "<group>";
		};
		E3C39ECC20A7FD7300A346F7 /* Environment */ = {
			isa = PBXGroup;
			children = (
				E3C39EE420A7FFD500A346F7 /* Constants.swift */,
			);
			path = Environment;
			sourceTree = "<group>";
		};
		E3C39ECD20A7FD8000A346F7 /* Scenes */ = {
			isa = PBXGroup;
			children = (
				E3C39EE120A7FF9400A346F7 /* Utility */,
				E3C39ECF20A7FDED00A346F7 /* List */,
			);
			path = Scenes;
			sourceTree = "<group>";
		};
		E3C39ECE20A7FDA200A346F7 /* Storyboards */ = {
			isa = PBXGroup;
			children = (
				E3DD69C520A6E1A800706788 /* List.storyboard */,
			);
			path = Storyboards;
			sourceTree = "<group>";
		};
		E3C39ECF20A7FDED00A346F7 /* List */ = {
			isa = PBXGroup;
			children = (
				E3C39ED120A7FE8600A346F7 /* Presentation */,
				E3C39ED020A7FE7500A346F7 /* Domain */,
				E3C39ED220A7FEF600A346F7 /* ListConfigurator.swift */,
			);
			path = List;
			sourceTree = "<group>";
		};
		E3C39ED020A7FE7500A346F7 /* Domain */ = {
			isa = PBXGroup;
			children = (
				E3C39ED420A7FF0600A346F7 /* ListModel.swift */,
				E3C39ED620A7FF2100A346F7 /* ListTranslator.swift */,
				E3C39ED820A7FF2F00A346F7 /* ListUseCase.swift */,
			);
			path = Domain;
			sourceTree = "<group>";
		};
		E3C39ED120A7FE8600A346F7 /* Presentation */ = {
			isa = PBXGroup;
			children = (
				E3C39EDA20A7FF3D00A346F7 /* Cells */,
				E3DD69C320A6E1A800706788 /* ListViewController.swift */,
				E3C39EDD20A7FF6200A346F7 /* ListPresenter.swift */,
				E3C39EDF20A7FF6F00A346F7 /* ListRouter.swift */,
			);
			path = Presentation;
			sourceTree = "<group>";
		};
		E3C39EDA20A7FF3D00A346F7 /* Cells */ = {
			isa = PBXGroup;
			children = (
				E3C39EDB20A7FF5000A346F7 /* ListTableViewCell.swift */,
			);
			path = Cells;
			sourceTree = "<group>";
		};
		E3C39EE120A7FF9400A346F7 /* Utility */ = {
			isa = PBXGroup;
			children = (
				E3C39EE220A7FFA400A346F7 /* Dependencies.swift */,
			);
			path = Utility;
			sourceTree = "<group>";
		};
		E3C39EE620A7FFF800A346F7 /* FeedItem */ = {
			isa = PBXGroup;
			children = (
				E3C39EE720A8000E00A346F7 /* FeedItemDataStore.swift */,
				E3C39EE920A8001800A346F7 /* FeedItemEntity.swift */,
				E3C39EEB20A8002200A346F7 /* FeedItemRepository.swift */,
				E3C39EED20A8002B00A346F7 /* FeedItemRequest.swift */,
			);
			path = FeedItem;
			sourceTree = "<group>";
		};
		E3C39EEF20A8003100A346F7 /* Utility */ = {
			isa = PBXGroup;
			children = (
				E3C39EF020A8003E00A346F7 /* ApiClient.swift */,
			);
			path = Utility;
			sourceTree = "<group>";
		};
		E3DD69B520A6E1A800706788 = {
			isa = PBXGroup;
			children = (
				E3DD69C020A6E1A800706788 /* sight */,
				E3DD69D520A6E1AA00706788 /* sightTests */,
				E3DD69E020A6E1AA00706788 /* sightUITests */,
				E3DD69BF20A6E1A800706788 /* Products */,
				956B583EA7AD306B27F2A5E0 /* Pods */,
				E61A7F6D6A7CA152CBDAE728 /* Frameworks */,
			);
			sourceTree = "<group>";
		};
		E3DD69BF20A6E1A800706788 /* Products */ = {
			isa = PBXGroup;
			children = (
				E3DD69BE20A6E1A800706788 /* sight.app */,
				E3DD69D220A6E1AA00706788 /* sightTests.xctest */,
				E3DD69DD20A6E1AA00706788 /* sightUITests.xctest */,
			);
			name = Products;
			sourceTree = "<group>";
		};
		E3DD69C020A6E1A800706788 /* sight */ = {
			isa = PBXGroup;
			children = (
				E3C39ECA20A7FCE500A346F7 /* App */,
				E3DD69C120A6E1A800706788 /* AppDelegate.swift */,
				E3DD69C820A6E1AA00706788 /* Assets.xcassets */,
				E3DD69CA20A6E1AA00706788 /* LaunchScreen.storyboard */,
				E3DD69CD20A6E1AA00706788 /* Info.plist */,
			);
			path = sight;
			sourceTree = "<group>";
		};
		E3DD69D520A6E1AA00706788 /* sightTests */ = {
			isa = PBXGroup;
			children = (
				E3DD69D620A6E1AA00706788 /* sightTests.swift */,
				E3DD69D820A6E1AA00706788 /* Info.plist */,
			);
			path = sightTests;
			sourceTree = "<group>";
		};
		E3DD69E020A6E1AA00706788 /* sightUITests */ = {
			isa = PBXGroup;
			children = (
				E3DD69E120A6E1AA00706788 /* sightUITests.swift */,
				E3DD69E320A6E1AA00706788 /* Info.plist */,
			);
			path = sightUITests;
			sourceTree = "<group>";
		};
		E61A7F6D6A7CA152CBDAE728 /* Frameworks */ = {
			isa = PBXGroup;
			children = (
				88555665A20274AC6EF4BE40 /* Pods_sight.framework */,
				FC91872A426544B17A30C0CD /* Pods_sightTests.framework */,
				26754D889C369ED9941B7E90 /* Pods_sightUITests.framework */,
			);
			name = Frameworks;
			sourceTree = "<group>";
		};
/* End PBXGroup section */

/* Begin PBXNativeTarget section */
		E3DD69BD20A6E1A800706788 /* sight */ = {
			isa = PBXNativeTarget;
			buildConfigurationList = E3DD69E620A6E1AA00706788 /* Build configuration list for PBXNativeTarget "sight" */;
			buildPhases = (
				9C6B2022A682F32D3F5AA2CD /* [CP] Check Pods Manifest.lock */,
				E3C39EB620A7093F00A346F7 /* ShellScript */,
				E3DD69BA20A6E1A800706788 /* Sources */,
				E3DD69BB20A6E1A800706788 /* Frameworks */,
				E3DD69BC20A6E1A800706788 /* Resources */,
				6D736D59AF4BFB9E1828C59A /* [CP] Embed Pods Frameworks */,
				E3C39EB720A70A8800A346F7 /* ShellScript */,
			);
			buildRules = (
			);
			dependencies = (
			);
			name = sight;
			productName = sight;
			productReference = E3DD69BE20A6E1A800706788 /* sight.app */;
			productType = "com.apple.product-type.application";
		};
		E3DD69D120A6E1AA00706788 /* sightTests */ = {
			isa = PBXNativeTarget;
			buildConfigurationList = E3DD69E920A6E1AA00706788 /* Build configuration list for PBXNativeTarget "sightTests" */;
			buildPhases = (
				46D94FB49C91F509684686A2 /* [CP] Check Pods Manifest.lock */,
				E3DD69CE20A6E1AA00706788 /* Sources */,
				E3DD69CF20A6E1AA00706788 /* Frameworks */,
				E3DD69D020A6E1AA00706788 /* Resources */,
				541028BFC8449C680988FFE8 /* [CP] Embed Pods Frameworks */,
			);
			buildRules = (
			);
			dependencies = (
				E3DD69D420A6E1AA00706788 /* PBXTargetDependency */,
			);
			name = sightTests;
			productName = sightTests;
			productReference = E3DD69D220A6E1AA00706788 /* sightTests.xctest */;
			productType = "com.apple.product-type.bundle.unit-test";
		};
		E3DD69DC20A6E1AA00706788 /* sightUITests */ = {
			isa = PBXNativeTarget;
			buildConfigurationList = E3DD69EC20A6E1AA00706788 /* Build configuration list for PBXNativeTarget "sightUITests" */;
			buildPhases = (
				A57173AD4667C2AB6C0DEC13 /* [CP] Check Pods Manifest.lock */,
				E3DD69D920A6E1AA00706788 /* Sources */,
				E3DD69DA20A6E1AA00706788 /* Frameworks */,
				E3DD69DB20A6E1AA00706788 /* Resources */,
			);
			buildRules = (
			);
			dependencies = (
				E3DD69DF20A6E1AA00706788 /* PBXTargetDependency */,
			);
			name = sightUITests;
			productName = sightUITests;
			productReference = E3DD69DD20A6E1AA00706788 /* sightUITests.xctest */;
			productType = "com.apple.product-type.bundle.ui-testing";
		};
/* End PBXNativeTarget section */

/* Begin PBXProject section */
		E3DD69B620A6E1A800706788 /* Project object */ = {
			isa = PBXProject;
			attributes = {
				LastSwiftUpdateCheck = 0930;
				LastUpgradeCheck = 0930;
				ORGANIZATIONNAME = k3n.link;
				TargetAttributes = {
					E3DD69BD20A6E1A800706788 = {
						CreatedOnToolsVersion = 9.3.1;
					};
					E3DD69D120A6E1AA00706788 = {
						CreatedOnToolsVersion = 9.3.1;
						TestTargetID = E3DD69BD20A6E1A800706788;
					};
					E3DD69DC20A6E1AA00706788 = {
						CreatedOnToolsVersion = 9.3.1;
						TestTargetID = E3DD69BD20A6E1A800706788;
					};
				};
			};
			buildConfigurationList = E3DD69B920A6E1A800706788 /* Build configuration list for PBXProject "sight" */;
			compatibilityVersion = "Xcode 9.3";
			developmentRegion = en;
			hasScannedForEncodings = 0;
			knownRegions = (
				en,
				Base,
			);
			mainGroup = E3DD69B520A6E1A800706788;
			productRefGroup = E3DD69BF20A6E1A800706788 /* Products */;
			projectDirPath = "";
			projectRoot = "";
			targets = (
				E3DD69BD20A6E1A800706788 /* sight */,
				E3DD69D120A6E1AA00706788 /* sightTests */,
				E3DD69DC20A6E1AA00706788 /* sightUITests */,
			);
		};
/* End PBXProject section */

/* Begin PBXResourcesBuildPhase section */
		E3DD69BC20A6E1A800706788 /* Resources */ = {
			isa = PBXResourcesBuildPhase;
			buildActionMask = 2147483647;
			files = (
				E3DD69CC20A6E1AA00706788 /* LaunchScreen.storyboard in Resources */,
				E3DD69C920A6E1AA00706788 /* Assets.xcassets in Resources */,
				E3DD69C720A6E1A800706788 /* List.storyboard in Resources */,
			);
			runOnlyForDeploymentPostprocessing = 0;
		};
		E3DD69D020A6E1AA00706788 /* Resources */ = {
			isa = PBXResourcesBuildPhase;
			buildActionMask = 2147483647;
			files = (
			);
			runOnlyForDeploymentPostprocessing = 0;
		};
		E3DD69DB20A6E1AA00706788 /* Resources */ = {
			isa = PBXResourcesBuildPhase;
			buildActionMask = 2147483647;
			files = (
			);
			runOnlyForDeploymentPostprocessing = 0;
		};
/* End PBXResourcesBuildPhase section */

/* Begin PBXShellScriptBuildPhase section */
		46D94FB49C91F509684686A2 /* [CP] Check Pods Manifest.lock */ = {
			isa = PBXShellScriptBuildPhase;
			buildActionMask = 2147483647;
			files = (
			);
			inputPaths = (
				"${PODS_PODFILE_DIR_PATH}/Podfile.lock",
				"${PODS_ROOT}/Manifest.lock",
			);
			name = "[CP] Check Pods Manifest.lock";
			outputPaths = (
				"$(DERIVED_FILE_DIR)/Pods-sightTests-checkManifestLockResult.txt",
			);
			runOnlyForDeploymentPostprocessing = 0;
			shellPath = /bin/sh;
			shellScript = "diff \"${PODS_PODFILE_DIR_PATH}/Podfile.lock\" \"${PODS_ROOT}/Manifest.lock\" > /dev/null\nif [ $? != 0 ] ; then\n    # print error to STDERR\n    echo \"error: The sandbox is not in sync with the Podfile.lock. Run 'pod install' or update your CocoaPods installation.\" >&2\n    exit 1\nfi\n# This output is used by Xcode 'outputs' to avoid re-running this script phase.\necho \"SUCCESS\" > \"${SCRIPT_OUTPUT_FILE_0}\"\n";
			showEnvVarsInLog = 0;
		};
		541028BFC8449C680988FFE8 /* [CP] Embed Pods Frameworks */ = {
			isa = PBXShellScriptBuildPhase;
			buildActionMask = 2147483647;
			files = (
			);
			inputPaths = (
				"${SRCROOT}/Pods/Target Support Files/Pods-sightTests/Pods-sightTests-frameworks.sh",
				"${BUILT_PRODUCTS_DIR}/RxSwift/RxSwift.framework",
				"${BUILT_PRODUCTS_DIR}/Nimble/Nimble.framework",
				"${BUILT_PRODUCTS_DIR}/Quick/Quick.framework",
				"${BUILT_PRODUCTS_DIR}/RxBlocking/RxBlocking.framework",
				"${BUILT_PRODUCTS_DIR}/RxTest/RxTest.framework",
			);
			name = "[CP] Embed Pods Frameworks";
			outputPaths = (
				"${TARGET_BUILD_DIR}/${FRAMEWORKS_FOLDER_PATH}/RxSwift.framework",
				"${TARGET_BUILD_DIR}/${FRAMEWORKS_FOLDER_PATH}/Nimble.framework",
				"${TARGET_BUILD_DIR}/${FRAMEWORKS_FOLDER_PATH}/Quick.framework",
				"${TARGET_BUILD_DIR}/${FRAMEWORKS_FOLDER_PATH}/RxBlocking.framework",
				"${TARGET_BUILD_DIR}/${FRAMEWORKS_FOLDER_PATH}/RxTest.framework",
			);
			runOnlyForDeploymentPostprocessing = 0;
			shellPath = /bin/sh;
			shellScript = "\"${SRCROOT}/Pods/Target Support Files/Pods-sightTests/Pods-sightTests-frameworks.sh\"\n";
			showEnvVarsInLog = 0;
		};
		6D736D59AF4BFB9E1828C59A /* [CP] Embed Pods Frameworks */ = {
			isa = PBXShellScriptBuildPhase;
			buildActionMask = 2147483647;
			files = (
			);
			inputPaths = (
				"${SRCROOT}/Pods/Target Support Files/Pods-sight/Pods-sight-frameworks.sh",
				"${BUILT_PRODUCTS_DIR}/Alamofire/Alamofire.framework",
				"${BUILT_PRODUCTS_DIR}/Compass/Compass.framework",
				"${BUILT_PRODUCTS_DIR}/FeedKit/FeedKit.framework",
				"${BUILT_PRODUCTS_DIR}/KeychainAccess/KeychainAccess.framework",
				"${BUILT_PRODUCTS_DIR}/Moya/Moya.framework",
				"${BUILT_PRODUCTS_DIR}/Nuke/Nuke.framework",
				"${BUILT_PRODUCTS_DIR}/R.swift.Library/Rswift.framework",
				"${BUILT_PRODUCTS_DIR}/Realm/Realm.framework",
				"${BUILT_PRODUCTS_DIR}/RealmSwift/RealmSwift.framework",
				"${BUILT_PRODUCTS_DIR}/Result/Result.framework",
				"${BUILT_PRODUCTS_DIR}/RxCocoa/RxCocoa.framework",
				"${BUILT_PRODUCTS_DIR}/RxNuke/RxNuke.framework",
				"${BUILT_PRODUCTS_DIR}/RxSwift/RxSwift.framework",
			);
			name = "[CP] Embed Pods Frameworks";
			outputPaths = (
				"${TARGET_BUILD_DIR}/${FRAMEWORKS_FOLDER_PATH}/Alamofire.framework",
				"${TARGET_BUILD_DIR}/${FRAMEWORKS_FOLDER_PATH}/Compass.framework",
				"${TARGET_BUILD_DIR}/${FRAMEWORKS_FOLDER_PATH}/FeedKit.framework",
				"${TARGET_BUILD_DIR}/${FRAMEWORKS_FOLDER_PATH}/KeychainAccess.framework",
				"${TARGET_BUILD_DIR}/${FRAMEWORKS_FOLDER_PATH}/Moya.framework",
				"${TARGET_BUILD_DIR}/${FRAMEWORKS_FOLDER_PATH}/Nuke.framework",
				"${TARGET_BUILD_DIR}/${FRAMEWORKS_FOLDER_PATH}/Rswift.framework",
				"${TARGET_BUILD_DIR}/${FRAMEWORKS_FOLDER_PATH}/Realm.framework",
				"${TARGET_BUILD_DIR}/${FRAMEWORKS_FOLDER_PATH}/RealmSwift.framework",
				"${TARGET_BUILD_DIR}/${FRAMEWORKS_FOLDER_PATH}/Result.framework",
				"${TARGET_BUILD_DIR}/${FRAMEWORKS_FOLDER_PATH}/RxCocoa.framework",
				"${TARGET_BUILD_DIR}/${FRAMEWORKS_FOLDER_PATH}/RxNuke.framework",
				"${TARGET_BUILD_DIR}/${FRAMEWORKS_FOLDER_PATH}/RxSwift.framework",
			);
			runOnlyForDeploymentPostprocessing = 0;
			shellPath = /bin/sh;
			shellScript = "\"${SRCROOT}/Pods/Target Support Files/Pods-sight/Pods-sight-frameworks.sh\"\n";
			showEnvVarsInLog = 0;
		};
		9C6B2022A682F32D3F5AA2CD /* [CP] Check Pods Manifest.lock */ = {
			isa = PBXShellScriptBuildPhase;
			buildActionMask = 2147483647;
			files = (
			);
			inputPaths = (
				"${PODS_PODFILE_DIR_PATH}/Podfile.lock",
				"${PODS_ROOT}/Manifest.lock",
			);
			name = "[CP] Check Pods Manifest.lock";
			outputPaths = (
				"$(DERIVED_FILE_DIR)/Pods-sight-checkManifestLockResult.txt",
			);
			runOnlyForDeploymentPostprocessing = 0;
			shellPath = /bin/sh;
			shellScript = "diff \"${PODS_PODFILE_DIR_PATH}/Podfile.lock\" \"${PODS_ROOT}/Manifest.lock\" > /dev/null\nif [ $? != 0 ] ; then\n    # print error to STDERR\n    echo \"error: The sandbox is not in sync with the Podfile.lock. Run 'pod install' or update your CocoaPods installation.\" >&2\n    exit 1\nfi\n# This output is used by Xcode 'outputs' to avoid re-running this script phase.\necho \"SUCCESS\" > \"${SCRIPT_OUTPUT_FILE_0}\"\n";
			showEnvVarsInLog = 0;
		};
		A57173AD4667C2AB6C0DEC13 /* [CP] Check Pods Manifest.lock */ = {
			isa = PBXShellScriptBuildPhase;
			buildActionMask = 2147483647;
			files = (
			);
			inputPaths = (
				"${PODS_PODFILE_DIR_PATH}/Podfile.lock",
				"${PODS_ROOT}/Manifest.lock",
			);
			name = "[CP] Check Pods Manifest.lock";
			outputPaths = (
				"$(DERIVED_FILE_DIR)/Pods-sightUITests-checkManifestLockResult.txt",
			);
			runOnlyForDeploymentPostprocessing = 0;
			shellPath = /bin/sh;
			shellScript = "diff \"${PODS_PODFILE_DIR_PATH}/Podfile.lock\" \"${PODS_ROOT}/Manifest.lock\" > /dev/null\nif [ $? != 0 ] ; then\n    # print error to STDERR\n    echo \"error: The sandbox is not in sync with the Podfile.lock. Run 'pod install' or update your CocoaPods installation.\" >&2\n    exit 1\nfi\n# This output is used by Xcode 'outputs' to avoid re-running this script phase.\necho \"SUCCESS\" > \"${SCRIPT_OUTPUT_FILE_0}\"\n";
			showEnvVarsInLog = 0;
		};
		E3C39EB620A7093F00A346F7 /* ShellScript */ = {
			isa = PBXShellScriptBuildPhase;
			buildActionMask = 2147483647;
			files = (
			);
			inputPaths = (
			);
			outputPaths = (
			);
			runOnlyForDeploymentPostprocessing = 0;
			shellPath = /bin/sh;
			shellScript = "\"$PODS_ROOT/R.swift/rswift\" generate \"$SRCROOT\"";
		};
		E3C39EB720A70A8800A346F7 /* ShellScript */ = {
			isa = PBXShellScriptBuildPhase;
			buildActionMask = 2147483647;
			files = (
			);
			inputPaths = (
			);
			outputPaths = (
			);
			runOnlyForDeploymentPostprocessing = 0;
			shellPath = /bin/sh;
			shellScript = "\"${PODS_ROOT}/SwiftLint/swiftlint\"";
		};
/* End PBXShellScriptBuildPhase section */

/* Begin PBXSourcesBuildPhase section */
		E3DD69BA20A6E1A800706788 /* Sources */ = {
			isa = PBXSourcesBuildPhase;
			buildActionMask = 2147483647;
			files = (
				E3C39EEC20A8002200A346F7 /* FeedItemRepository.swift in Sources */,
				E3C39EEE20A8002B00A346F7 /* FeedItemRequest.swift in Sources */,
				E3C39EE020A7FF6F00A346F7 /* ListRouter.swift in Sources */,
				E3C39EF120A8003E00A346F7 /* ApiClient.swift in Sources */,
				E3C39EE520A7FFD500A346F7 /* Constants.swift in Sources */,
				E3C39EDC20A7FF5000A346F7 /* ListTableViewCell.swift in Sources */,
				E3C39ED320A7FEF600A346F7 /* ListConfigurator.swift in Sources */,
				E3C39EDE20A7FF6200A346F7 /* ListPresenter.swift in Sources */,
				E3C39ED920A7FF2F00A346F7 /* ListUseCase.swift in Sources */,
				E3DD69C420A6E1A800706788 /* ListViewController.swift in Sources */,
				E3C39ED720A7FF2100A346F7 /* ListTranslator.swift in Sources */,
				E3C39EEA20A8001800A346F7 /* FeedItemEntity.swift in Sources */,
				E3C39EE820A8000E00A346F7 /* FeedItemDataStore.swift in Sources */,
				E3DD69C220A6E1A800706788 /* AppDelegate.swift in Sources */,
				E3C39EE320A7FFA400A346F7 /* Dependencies.swift in Sources */,
				E3C39ED520A7FF0600A346F7 /* ListModel.swift in Sources */,
			);
			runOnlyForDeploymentPostprocessing = 0;
		};
		E3DD69CE20A6E1AA00706788 /* Sources */ = {
			isa = PBXSourcesBuildPhase;
			buildActionMask = 2147483647;
			files = (
				E3DD69D720A6E1AA00706788 /* sightTests.swift in Sources */,
			);
			runOnlyForDeploymentPostprocessing = 0;
		};
		E3DD69D920A6E1AA00706788 /* Sources */ = {
			isa = PBXSourcesBuildPhase;
			buildActionMask = 2147483647;
			files = (
				E3DD69E220A6E1AA00706788 /* sightUITests.swift in Sources */,
			);
			runOnlyForDeploymentPostprocessing = 0;
		};
/* End PBXSourcesBuildPhase section */

/* Begin PBXTargetDependency section */
		E3DD69D420A6E1AA00706788 /* PBXTargetDependency */ = {
			isa = PBXTargetDependency;
			target = E3DD69BD20A6E1A800706788 /* sight */;
			targetProxy = E3DD69D320A6E1AA00706788 /* PBXContainerItemProxy */;
		};
		E3DD69DF20A6E1AA00706788 /* PBXTargetDependency */ = {
			isa = PBXTargetDependency;
			target = E3DD69BD20A6E1A800706788 /* sight */;
			targetProxy = E3DD69DE20A6E1AA00706788 /* PBXContainerItemProxy */;
		};
/* End PBXTargetDependency section */

/* Begin PBXVariantGroup section */
		E3DD69C520A6E1A800706788 /* List.storyboard */ = {
			isa = PBXVariantGroup;
			children = (
				E3DD69C620A6E1A800706788 /* Base */,
			);
			name = List.storyboard;
			sourceTree = "<group>";
		};
		E3DD69CA20A6E1AA00706788 /* LaunchScreen.storyboard */ = {
			isa = PBXVariantGroup;
			children = (
				E3DD69CB20A6E1AA00706788 /* Base */,
			);
			name = LaunchScreen.storyboard;
			sourceTree = "<group>";
		};
/* End PBXVariantGroup section */

/* Begin XCBuildConfiguration section */
		E3DD69E420A6E1AA00706788 /* Debug */ = {
			isa = XCBuildConfiguration;
			buildSettings = {
				ALWAYS_SEARCH_USER_PATHS = NO;
				CLANG_ANALYZER_NONNULL = YES;
				CLANG_ANALYZER_NUMBER_OBJECT_CONVERSION = YES_AGGRESSIVE;
				CLANG_CXX_LANGUAGE_STANDARD = "gnu++14";
				CLANG_CXX_LIBRARY = "libc++";
				CLANG_ENABLE_MODULES = YES;
				CLANG_ENABLE_OBJC_ARC = YES;
				CLANG_ENABLE_OBJC_WEAK = YES;
				CLANG_WARN_BLOCK_CAPTURE_AUTORELEASING = YES;
				CLANG_WARN_BOOL_CONVERSION = YES;
				CLANG_WARN_COMMA = YES;
				CLANG_WARN_CONSTANT_CONVERSION = YES;
				CLANG_WARN_DEPRECATED_OBJC_IMPLEMENTATIONS = YES;
				CLANG_WARN_DIRECT_OBJC_ISA_USAGE = YES_ERROR;
				CLANG_WARN_DOCUMENTATION_COMMENTS = YES;
				CLANG_WARN_EMPTY_BODY = YES;
				CLANG_WARN_ENUM_CONVERSION = YES;
				CLANG_WARN_INFINITE_RECURSION = YES;
				CLANG_WARN_INT_CONVERSION = YES;
				CLANG_WARN_NON_LITERAL_NULL_CONVERSION = YES;
				CLANG_WARN_OBJC_IMPLICIT_RETAIN_SELF = YES;
				CLANG_WARN_OBJC_LITERAL_CONVERSION = YES;
				CLANG_WARN_OBJC_ROOT_CLASS = YES_ERROR;
				CLANG_WARN_RANGE_LOOP_ANALYSIS = YES;
				CLANG_WARN_STRICT_PROTOTYPES = YES;
				CLANG_WARN_SUSPICIOUS_MOVE = YES;
				CLANG_WARN_UNGUARDED_AVAILABILITY = YES_AGGRESSIVE;
				CLANG_WARN_UNREACHABLE_CODE = YES;
				CLANG_WARN__DUPLICATE_METHOD_MATCH = YES;
				CODE_SIGN_IDENTITY = "iPhone Developer";
				COPY_PHASE_STRIP = NO;
				DEBUG_INFORMATION_FORMAT = dwarf;
				ENABLE_STRICT_OBJC_MSGSEND = YES;
				ENABLE_TESTABILITY = YES;
				GCC_C_LANGUAGE_STANDARD = gnu11;
				GCC_DYNAMIC_NO_PIC = NO;
				GCC_NO_COMMON_BLOCKS = YES;
				GCC_OPTIMIZATION_LEVEL = 0;
				GCC_PREPROCESSOR_DEFINITIONS = (
					"DEBUG=1",
					"$(inherited)",
				);
				GCC_WARN_64_TO_32_BIT_CONVERSION = YES;
				GCC_WARN_ABOUT_RETURN_TYPE = YES_ERROR;
				GCC_WARN_UNDECLARED_SELECTOR = YES;
				GCC_WARN_UNINITIALIZED_AUTOS = YES_AGGRESSIVE;
				GCC_WARN_UNUSED_FUNCTION = YES;
				GCC_WARN_UNUSED_VARIABLE = YES;
				IPHONEOS_DEPLOYMENT_TARGET = 11.3;
				MTL_ENABLE_DEBUG_INFO = YES;
				ONLY_ACTIVE_ARCH = YES;
				SDKROOT = iphoneos;
				SWIFT_ACTIVE_COMPILATION_CONDITIONS = DEBUG;
				SWIFT_OPTIMIZATION_LEVEL = "-Onone";
			};
			name = Debug;
		};
		E3DD69E520A6E1AA00706788 /* Release */ = {
			isa = XCBuildConfiguration;
			buildSettings = {
				ALWAYS_SEARCH_USER_PATHS = NO;
				CLANG_ANALYZER_NONNULL = YES;
				CLANG_ANALYZER_NUMBER_OBJECT_CONVERSION = YES_AGGRESSIVE;
				CLANG_CXX_LANGUAGE_STANDARD = "gnu++14";
				CLANG_CXX_LIBRARY = "libc++";
				CLANG_ENABLE_MODULES = YES;
				CLANG_ENABLE_OBJC_ARC = YES;
				CLANG_ENABLE_OBJC_WEAK = YES;
				CLANG_WARN_BLOCK_CAPTURE_AUTORELEASING = YES;
				CLANG_WARN_BOOL_CONVERSION = YES;
				CLANG_WARN_COMMA = YES;
				CLANG_WARN_CONSTANT_CONVERSION = YES;
				CLANG_WARN_DEPRECATED_OBJC_IMPLEMENTATIONS = YES;
				CLANG_WARN_DIRECT_OBJC_ISA_USAGE = YES_ERROR;
				CLANG_WARN_DOCUMENTATION_COMMENTS = YES;
				CLANG_WARN_EMPTY_BODY = YES;
				CLANG_WARN_ENUM_CONVERSION = YES;
				CLANG_WARN_INFINITE_RECURSION = YES;
				CLANG_WARN_INT_CONVERSION = YES;
				CLANG_WARN_NON_LITERAL_NULL_CONVERSION = YES;
				CLANG_WARN_OBJC_IMPLICIT_RETAIN_SELF = YES;
				CLANG_WARN_OBJC_LITERAL_CONVERSION = YES;
				CLANG_WARN_OBJC_ROOT_CLASS = YES_ERROR;
				CLANG_WARN_RANGE_LOOP_ANALYSIS = YES;
				CLANG_WARN_STRICT_PROTOTYPES = YES;
				CLANG_WARN_SUSPICIOUS_MOVE = YES;
				CLANG_WARN_UNGUARDED_AVAILABILITY = YES_AGGRESSIVE;
				CLANG_WARN_UNREACHABLE_CODE = YES;
				CLANG_WARN__DUPLICATE_METHOD_MATCH = YES;
				CODE_SIGN_IDENTITY = "iPhone Developer";
				COPY_PHASE_STRIP = NO;
				DEBUG_INFORMATION_FORMAT = "dwarf-with-dsym";
				ENABLE_NS_ASSERTIONS = NO;
				ENABLE_STRICT_OBJC_MSGSEND = YES;
				GCC_C_LANGUAGE_STANDARD = gnu11;
				GCC_NO_COMMON_BLOCKS = YES;
				GCC_WARN_64_TO_32_BIT_CONVERSION = YES;
				GCC_WARN_ABOUT_RETURN_TYPE = YES_ERROR;
				GCC_WARN_UNDECLARED_SELECTOR = YES;
				GCC_WARN_UNINITIALIZED_AUTOS = YES_AGGRESSIVE;
				GCC_WARN_UNUSED_FUNCTION = YES;
				GCC_WARN_UNUSED_VARIABLE = YES;
				IPHONEOS_DEPLOYMENT_TARGET = 11.3;
				MTL_ENABLE_DEBUG_INFO = NO;
				SDKROOT = iphoneos;
				SWIFT_COMPILATION_MODE = wholemodule;
				SWIFT_OPTIMIZATION_LEVEL = "-O";
				VALIDATE_PRODUCT = YES;
			};
			name = Release;
		};
		E3DD69E720A6E1AA00706788 /* Debug */ = {
			isa = XCBuildConfiguration;
			baseConfigurationReference = 9543CB27AE440D4E5C077880 /* Pods-sight.debug.xcconfig */;
			buildSettings = {
				ASSETCATALOG_COMPILER_APPICON_NAME = AppIcon;
				CODE_SIGN_STYLE = Automatic;
				DEVELOPMENT_TEAM = 2K5FM9X3R7;
				INFOPLIST_FILE = sight/Info.plist;
				LD_RUNPATH_SEARCH_PATHS = (
					"$(inherited)",
					"@executable_path/Frameworks",
				);
				PRODUCT_BUNDLE_IDENTIFIER = link.k3n.sight;
				PRODUCT_NAME = "$(TARGET_NAME)";
				SWIFT_VERSION = 4.0;
				TARGETED_DEVICE_FAMILY = "1,2";
			};
			name = Debug;
		};
		E3DD69E820A6E1AA00706788 /* Release */ = {
			isa = XCBuildConfiguration;
			baseConfigurationReference = E9E4170F7EF2AC9F62B733F6 /* Pods-sight.release.xcconfig */;
			buildSettings = {
				ASSETCATALOG_COMPILER_APPICON_NAME = AppIcon;
				CODE_SIGN_STYLE = Automatic;
				DEVELOPMENT_TEAM = 2K5FM9X3R7;
				INFOPLIST_FILE = sight/Info.plist;
				LD_RUNPATH_SEARCH_PATHS = (
					"$(inherited)",
					"@executable_path/Frameworks",
				);
				PRODUCT_BUNDLE_IDENTIFIER = link.k3n.sight;
				PRODUCT_NAME = "$(TARGET_NAME)";
				SWIFT_VERSION = 4.0;
				TARGETED_DEVICE_FAMILY = "1,2";
			};
			name = Release;
		};
		E3DD69EA20A6E1AA00706788 /* Debug */ = {
			isa = XCBuildConfiguration;
			baseConfigurationReference = 50FE5FAEE20D928CFD475B1A /* Pods-sightTests.debug.xcconfig */;
			buildSettings = {
				ALWAYS_EMBED_SWIFT_STANDARD_LIBRARIES = "$(inherited)";
				BUNDLE_LOADER = "$(TEST_HOST)";
				CODE_SIGN_STYLE = Automatic;
				DEVELOPMENT_TEAM = 2K5FM9X3R7;
				INFOPLIST_FILE = sightTests/Info.plist;
				LD_RUNPATH_SEARCH_PATHS = (
					"$(inherited)",
					"@executable_path/Frameworks",
					"@loader_path/Frameworks",
				);
				PRODUCT_BUNDLE_IDENTIFIER = link.k3n.sightTests;
				PRODUCT_NAME = "$(TARGET_NAME)";
				SWIFT_VERSION = 4.0;
				TARGETED_DEVICE_FAMILY = "1,2";
				TEST_HOST = "$(BUILT_PRODUCTS_DIR)/sight.app/sight";
			};
			name = Debug;
		};
		E3DD69EB20A6E1AA00706788 /* Release */ = {
			isa = XCBuildConfiguration;
			baseConfigurationReference = D36A4E2EAA1FE7A2D2B94D35 /* Pods-sightTests.release.xcconfig */;
			buildSettings = {
				ALWAYS_EMBED_SWIFT_STANDARD_LIBRARIES = "$(inherited)";
				BUNDLE_LOADER = "$(TEST_HOST)";
				CODE_SIGN_STYLE = Automatic;
				DEVELOPMENT_TEAM = 2K5FM9X3R7;
				INFOPLIST_FILE = sightTests/Info.plist;
				LD_RUNPATH_SEARCH_PATHS = (
					"$(inherited)",
					"@executable_path/Frameworks",
					"@loader_path/Frameworks",
				);
				PRODUCT_BUNDLE_IDENTIFIER = link.k3n.sightTests;
				PRODUCT_NAME = "$(TARGET_NAME)";
				SWIFT_VERSION = 4.0;
				TARGETED_DEVICE_FAMILY = "1,2";
				TEST_HOST = "$(BUILT_PRODUCTS_DIR)/sight.app/sight";
			};
			name = Release;
		};
		E3DD69ED20A6E1AA00706788 /* Debug */ = {
			isa = XCBuildConfiguration;
			baseConfigurationReference = FD258E4FD11805B394B8C81A /* Pods-sightUITests.debug.xcconfig */;
			buildSettings = {
				ALWAYS_EMBED_SWIFT_STANDARD_LIBRARIES = "$(inherited)";
				CODE_SIGN_STYLE = Automatic;
				DEVELOPMENT_TEAM = 2K5FM9X3R7;
				INFOPLIST_FILE = sightUITests/Info.plist;
				LD_RUNPATH_SEARCH_PATHS = (
					"$(inherited)",
					"@executable_path/Frameworks",
					"@loader_path/Frameworks",
				);
				PRODUCT_BUNDLE_IDENTIFIER = link.k3n.sightUITests;
				PRODUCT_NAME = "$(TARGET_NAME)";
				SWIFT_VERSION = 4.0;
				TARGETED_DEVICE_FAMILY = "1,2";
				TEST_TARGET_NAME = sight;
			};
			name = Debug;
		};
		E3DD69EE20A6E1AA00706788 /* Release */ = {
			isa = XCBuildConfiguration;
			baseConfigurationReference = 2F8441893D63285B419A9397 /* Pods-sightUITests.release.xcconfig */;
			buildSettings = {
				ALWAYS_EMBED_SWIFT_STANDARD_LIBRARIES = "$(inherited)";
				CODE_SIGN_STYLE = Automatic;
				DEVELOPMENT_TEAM = 2K5FM9X3R7;
				INFOPLIST_FILE = sightUITests/Info.plist;
				LD_RUNPATH_SEARCH_PATHS = (
					"$(inherited)",
					"@executable_path/Frameworks",
					"@loader_path/Frameworks",
				);
				PRODUCT_BUNDLE_IDENTIFIER = link.k3n.sightUITests;
				PRODUCT_NAME = "$(TARGET_NAME)";
				SWIFT_VERSION = 4.0;
				TARGETED_DEVICE_FAMILY = "1,2";
				TEST_TARGET_NAME = sight;
			};
			name = Release;
		};
/* End XCBuildConfiguration section */

/* Begin XCConfigurationList section */
		E3DD69B920A6E1A800706788 /* Build configuration list for PBXProject "sight" */ = {
			isa = XCConfigurationList;
			buildConfigurations = (
				E3DD69E420A6E1AA00706788 /* Debug */,
				E3DD69E520A6E1AA00706788 /* Release */,
			);
			defaultConfigurationIsVisible = 0;
			defaultConfigurationName = Release;
		};
		E3DD69E620A6E1AA00706788 /* Build configuration list for PBXNativeTarget "sight" */ = {
			isa = XCConfigurationList;
			buildConfigurations = (
				E3DD69E720A6E1AA00706788 /* Debug */,
				E3DD69E820A6E1AA00706788 /* Release */,
			);
			defaultConfigurationIsVisible = 0;
			defaultConfigurationName = Release;
		};
		E3DD69E920A6E1AA00706788 /* Build configuration list for PBXNativeTarget "sightTests" */ = {
			isa = XCConfigurationList;
			buildConfigurations = (
				E3DD69EA20A6E1AA00706788 /* Debug */,
				E3DD69EB20A6E1AA00706788 /* Release */,
			);
			defaultConfigurationIsVisible = 0;
			defaultConfigurationName = Release;
		};
		E3DD69EC20A6E1AA00706788 /* Build configuration list for PBXNativeTarget "sightUITests" */ = {
			isa = XCConfigurationList;
			buildConfigurations = (
				E3DD69ED20A6E1AA00706788 /* Debug */,
				E3DD69EE20A6E1AA00706788 /* Release */,
			);
			defaultConfigurationIsVisible = 0;
			defaultConfigurationName = Release;
		};
/* End XCConfigurationList section */
	};
	rootObject = E3DD69B620A6E1A800706788 /* Project object */;
}
